
Microsoft Visual Studio Solution File, Format Version 12.00
# Visual Studio 15
VisualStudioVersion = 15.0.28307.1340
MinimumVisualStudioVersion = 10.0.40219.1
Project("{8BC9CEB8-8B4A-11D0-8D11-00A0C91BC942}") = "Queue_Developed", "Queue_Developed\Queue_Developed.vcxproj", "{5F348031-19D6-4D8C-98E3-B9D316C51269}"
EndProject
Global
	GlobalSection(SolutionConfigurationPlatforms) = preSolution
		Debug|x64 = Debug|x64
		Debug|x86 = Debug|x86
		Release|x64 = Release|x64
		Release|x86 = Release|x86
	EndGlobalSection
	GlobalSection(ProjectConfigurationPlatforms) = postSolution
		{5F348031-19D6-4D8C-98E3-B9D316C51269}.Debug|x64.ActiveCfg = Debug|x64
		{5F348031-19D6-4D8C-98E3-B9D316C51269}.Debug|x64.Build.0 = Debug|x64
		{5F348031-19D6-4D8C-98E3-B9D316C51269}.Debug|x86.ActiveCfg = Debug|Win32
		{5F348031-19D6-4D8C-98E3-B9D316C51269}.Debug|x86.Build.0 = Debug|Win32
		{5F348031-19D6-4D8C-98E3-B9D316C51269}.Release|x64.ActiveCfg = Release|x64
		{5F348031-19D6-4D8C-98E3-B9D316C51269}.Release|x64.Build.0 = Release|x64
		{5F348031-19D6-4D8C-98E3-B9D316C51269}.Release|x86.ActiveCfg = Release|Win32
		{5F348031-19D6-4D8C-98E3-B9D316C51269}.Release|x86.Build.0 = Release|Win32
	EndGlobalSection
	GlobalSection(SolutionProperties) = preSolution
		HideSolutionNode = FALSE
	EndGlobalSection
	GlobalSection(ExtensibilityGlobals) = postSolution
		SolutionGuid = {168DA334-B8A2-4171-9EA7-1413204D8C64}
	EndGlobalSection
EndGlobal
