
Microsoft Visual Studio Solution File, Format Version 12.00
# Visual Studio 15
VisualStudioVersion = 15.0.28307.1340
MinimumVisualStudioVersion = 10.0.40219.1
Project("{8BC9CEB8-8B4A-11D0-8D11-00A0C91BC942}") = "Queue_With_Implemented_With_Stack", "Queue_With_Implemented_With_Stack\Queue_With_Implemented_With_Stack.vcxproj", "{346D1E4A-8747-412F-BC76-0CF215EC3BBC}"
EndProject
Global
	GlobalSection(SolutionConfigurationPlatforms) = preSolution
		Debug|x64 = Debug|x64
		Debug|x86 = Debug|x86
		Release|x64 = Release|x64
		Release|x86 = Release|x86
	EndGlobalSection
	GlobalSection(ProjectConfigurationPlatforms) = postSolution
		{346D1E4A-8747-412F-BC76-0CF215EC3BBC}.Debug|x64.ActiveCfg = Debug|x64
		{346D1E4A-8747-412F-BC76-0CF215EC3BBC}.Debug|x64.Build.0 = Debug|x64
		{346D1E4A-8747-412F-BC76-0CF215EC3BBC}.Debug|x86.ActiveCfg = Debug|Win32
		{346D1E4A-8747-412F-BC76-0CF215EC3BBC}.Debug|x86.Build.0 = Debug|Win32
		{346D1E4A-8747-412F-BC76-0CF215EC3BBC}.Release|x64.ActiveCfg = Release|x64
		{346D1E4A-8747-412F-BC76-0CF215EC3BBC}.Release|x64.Build.0 = Release|x64
		{346D1E4A-8747-412F-BC76-0CF215EC3BBC}.Release|x86.ActiveCfg = Release|Win32
		{346D1E4A-8747-412F-BC76-0CF215EC3BBC}.Release|x86.Build.0 = Release|Win32
	EndGlobalSection
	GlobalSection(SolutionProperties) = preSolution
		HideSolutionNode = FALSE
	EndGlobalSection
	GlobalSection(ExtensibilityGlobals) = postSolution
		SolutionGuid = {FE8F4FFD-5A27-48F6-9A3F-7DDE2F9E00D3}
	EndGlobalSection
EndGlobal
